
Microsoft Visual Studio Solution File, Format Version 12.00
# Visual Studio 15
VisualStudioVersion = 15.0.26403.7
MinimumVisualStudioVersion = 10.0.40219.1
Project("{2150E333-8FDC-42A3-9474-1A3956D46DE8}") = "1_ClientCredentials", "1_ClientCredentials", "{E2B0A08E-6B0B-4595-8145-A6963E8A1018}"
EndProject
Project("{2150E333-8FDC-42A3-9474-1A3956D46DE8}") = "2_ResourceOwnerPasswords", "2_ResourceOwnerPasswords", "{5AEB0EF8-7145-4093-B60E-B8E2A340537D}"
EndProject
Project("{9A19103F-16F7-4668-BE54-9A1E7A4F7556}") = "ClientCredentials.Api", "1_ClientCredentials\ClientCredentials.Api\ClientCredentials.Api.csproj", "{0759B24B-EDB2-416E-9630-78916D9AE01B}"
EndProject
Project("{9A19103F-16F7-4668-BE54-9A1E7A4F7556}") = "ClientCredentials.Client", "1_ClientCredentials\ClientCredentials.Client\ClientCredentials.Client.csproj", "{73B7B8F8-FF0D-418D-88F9-13306EAC578A}"
EndProject
Project("{9A19103F-16F7-4668-BE54-9A1E7A4F7556}") = "ClientCredentials.Server", "1_ClientCredentials\ClientCredentials.Server\ClientCredentials.Server.csproj", "{58ED9D37-9727-47B2-AD0A-F1E5C0B6A577}"
EndProject
Project("{9A19103F-16F7-4668-BE54-9A1E7A4F7556}") = "ResourceOwnerPasswords.Api", "2_ResourceOwnerPasswords\ResourceOwnerPasswords.Api\ResourceOwnerPasswords.Api.csproj", "{5256665E-8732-4AAD-9D54-982F779B7689}"
EndProject
Project("{9A19103F-16F7-4668-BE54-9A1E7A4F7556}") = "ResourceOwnerPasswords.Client", "2_ResourceOwnerPasswords\ResourceOwnerPasswords.Client\ResourceOwnerPasswords.Client.csproj", "{DA7B553C-A1E2-4CD8-97C0-40682BE8754B}"
EndProject
Project("{FAE04EC0-301F-11D3-BF4B-00C04F79EFBC}") = "ResourceOwnerPasswords.Server", "2_ResourceOwnerPasswords\ResourceOwnerPasswords.Server\ResourceOwnerPasswords.Server.csproj", "{006A67C1-3CC7-4911-8920-DB27E038C93A}"
EndProject
Project("{2150E333-8FDC-42A3-9474-1A3956D46DE8}") = "3_4_ImplicitFlowAuthentication", "3_4_ImplicitFlowAuthentication", "{E5886D8C-BE12-47CF-AF59-DB0EBA84E760}"
EndProject
Project("{2150E333-8FDC-42A3-9474-1A3956D46DE8}") = "Clients", "Clients", "{F5192C9E-439C-4BC2-9982-5A7FC478BEBA}"
EndProject
Project("{9A19103F-16F7-4668-BE54-9A1E7A4F7556}") = "Credentials.Client", "3_ImplicitFlowAuthentication\Credentials.Client\Credentials.Client.csproj", "{1A89D845-F774-4A98-94B4-616CA81DDE7D}"
EndProject
Project("{FAE04EC0-301F-11D3-BF4B-00C04F79EFBC}") = "Mvc.Client", "3_ImplicitFlowAuthentication\Mvc.Client\Mvc.Client.csproj", "{5C8F6522-42FD-4E4D-8FAF-55E8D5E6A1BC}"
EndProject
Project("{9A19103F-16F7-4668-BE54-9A1E7A4F7556}") = "ResourceOwner.Client", "3_ImplicitFlowAuthentication\ResourceOwner.Client\ResourceOwner.Client.csproj", "{44A77C30-22CB-45B3-86E8-F0B4A119DD7C}"
EndProject
Project("{FAE04EC0-301F-11D3-BF4B-00C04F79EFBC}") = "OpenIDConnect.Api", "3_ImplicitFlowAuthentication\OpenIDConnect.Api\OpenIDConnect.Api.csproj", "{8D5E41E3-8E2C-463E-BBBA-DC763049B672}"
EndProject
Project("{FAE04EC0-301F-11D3-BF4B-00C04F79EFBC}") = "OpenIDConnect.Server", "3_ImplicitFlowAuthentication\OpenIDConnect.Server\OpenIDConnect.Server.csproj", "{29489ADA-DF5F-458D-97D5-F7E8DDA19608}"
EndProject
Project("{2150E333-8FDC-42A3-9474-1A3956D46DE8}") = "5_HybridFlowAuthenticationWithApiAccess", "5_HybridFlowAuthenticationWithApiAccess", "{2CE4AA1E-3E94-4252-885A-9A574533F0C5}"
EndProject
Project("{9A19103F-16F7-4668-BE54-9A1E7A4F7556}") = "HybridFlow.Server", "5_HybridFlowAuthenticationWithApiAccess\HybridFlow.Server\HybridFlow.Server.csproj", "{DDB4E9D1-8523-4491-8816-CEC62B83D7AB}"
EndProject
Project("{9A19103F-16F7-4668-BE54-9A1E7A4F7556}") = "HybridFlowMvc.Client", "5_HybridFlowAuthenticationWithApiAccess\HybridFlowMvc.Client\HybridFlowMvc.Client.csproj", "{448D8072-4CD9-4A02-92EA-ECF32CA397AE}"
EndProject
Project("{FAE04EC0-301F-11D3-BF4B-00C04F79EFBC}") = "HybridFlow.Api", "5_HybridFlowAuthenticationWithApiAccess\HybridFlow.Api\HybridFlow.Api.csproj", "{A4234975-73DB-4000-90F7-B6CD34859CC8}"
EndProject
Global
	GlobalSection(SolutionConfigurationPlatforms) = preSolution
		Debug|Any CPU = Debug|Any CPU
		Release|Any CPU = Release|Any CPU
	EndGlobalSection
	GlobalSection(ProjectConfigurationPlatforms) = postSolution
		{0759B24B-EDB2-416E-9630-78916D9AE01B}.Debug|Any CPU.ActiveCfg = Debug|Any CPU
		{0759B24B-EDB2-416E-9630-78916D9AE01B}.Debug|Any CPU.Build.0 = Debug|Any CPU
		{0759B24B-EDB2-416E-9630-78916D9AE01B}.Release|Any CPU.ActiveCfg = Release|Any CPU
		{0759B24B-EDB2-416E-9630-78916D9AE01B}.Release|Any CPU.Build.0 = Release|Any CPU
		{73B7B8F8-FF0D-418D-88F9-13306EAC578A}.Debug|Any CPU.ActiveCfg = Debug|Any CPU
		{73B7B8F8-FF0D-418D-88F9-13306EAC578A}.Debug|Any CPU.Build.0 = Debug|Any CPU
		{73B7B8F8-FF0D-418D-88F9-13306EAC578A}.Release|Any CPU.ActiveCfg = Release|Any CPU
		{73B7B8F8-FF0D-418D-88F9-13306EAC578A}.Release|Any CPU.Build.0 = Release|Any CPU
		{58ED9D37-9727-47B2-AD0A-F1E5C0B6A577}.Debug|Any CPU.ActiveCfg = Debug|Any CPU
		{58ED9D37-9727-47B2-AD0A-F1E5C0B6A577}.Debug|Any CPU.Build.0 = Debug|Any CPU
		{58ED9D37-9727-47B2-AD0A-F1E5C0B6A577}.Release|Any CPU.ActiveCfg = Release|Any CPU
		{58ED9D37-9727-47B2-AD0A-F1E5C0B6A577}.Release|Any CPU.Build.0 = Release|Any CPU
		{5256665E-8732-4AAD-9D54-982F779B7689}.Debug|Any CPU.ActiveCfg = Debug|Any CPU
		{5256665E-8732-4AAD-9D54-982F779B7689}.Debug|Any CPU.Build.0 = Debug|Any CPU
		{5256665E-8732-4AAD-9D54-982F779B7689}.Release|Any CPU.ActiveCfg = Release|Any CPU
		{5256665E-8732-4AAD-9D54-982F779B7689}.Release|Any CPU.Build.0 = Release|Any CPU
		{DA7B553C-A1E2-4CD8-97C0-40682BE8754B}.Debug|Any CPU.ActiveCfg = Debug|Any CPU
		{DA7B553C-A1E2-4CD8-97C0-40682BE8754B}.Debug|Any CPU.Build.0 = Debug|Any CPU
		{DA7B553C-A1E2-4CD8-97C0-40682BE8754B}.Release|Any CPU.ActiveCfg = Release|Any CPU
		{DA7B553C-A1E2-4CD8-97C0-40682BE8754B}.Release|Any CPU.Build.0 = Release|Any CPU
		{006A67C1-3CC7-4911-8920-DB27E038C93A}.Debug|Any CPU.ActiveCfg = Debug|Any CPU
		{006A67C1-3CC7-4911-8920-DB27E038C93A}.Debug|Any CPU.Build.0 = Debug|Any CPU
		{006A67C1-3CC7-4911-8920-DB27E038C93A}.Release|Any CPU.ActiveCfg = Release|Any CPU
		{006A67C1-3CC7-4911-8920-DB27E038C93A}.Release|Any CPU.Build.0 = Release|Any CPU
		{1A89D845-F774-4A98-94B4-616CA81DDE7D}.Debug|Any CPU.ActiveCfg = Debug|Any CPU
		{1A89D845-F774-4A98-94B4-616CA81DDE7D}.Debug|Any CPU.Build.0 = Debug|Any CPU
		{1A89D845-F774-4A98-94B4-616CA81DDE7D}.Release|Any CPU.ActiveCfg = Release|Any CPU
		{1A89D845-F774-4A98-94B4-616CA81DDE7D}.Release|Any CPU.Build.0 = Release|Any CPU
		{5C8F6522-42FD-4E4D-8FAF-55E8D5E6A1BC}.Debug|Any CPU.ActiveCfg = Debug|Any CPU
		{5C8F6522-42FD-4E4D-8FAF-55E8D5E6A1BC}.Debug|Any CPU.Build.0 = Debug|Any CPU
		{5C8F6522-42FD-4E4D-8FAF-55E8D5E6A1BC}.Release|Any CPU.ActiveCfg = Release|Any CPU
		{5C8F6522-42FD-4E4D-8FAF-55E8D5E6A1BC}.Release|Any CPU.Build.0 = Release|Any CPU
		{44A77C30-22CB-45B3-86E8-F0B4A119DD7C}.Debug|Any CPU.ActiveCfg = Debug|Any CPU
		{44A77C30-22CB-45B3-86E8-F0B4A119DD7C}.Debug|Any CPU.Build.0 = Debug|Any CPU
		{44A77C30-22CB-45B3-86E8-F0B4A119DD7C}.Release|Any CPU.ActiveCfg = Release|Any CPU
		{44A77C30-22CB-45B3-86E8-F0B4A119DD7C}.Release|Any CPU.Build.0 = Release|Any CPU
		{8D5E41E3-8E2C-463E-BBBA-DC763049B672}.Debug|Any CPU.ActiveCfg = Debug|Any CPU
		{8D5E41E3-8E2C-463E-BBBA-DC763049B672}.Debug|Any CPU.Build.0 = Debug|Any CPU
		{8D5E41E3-8E2C-463E-BBBA-DC763049B672}.Release|Any CPU.ActiveCfg = Release|Any CPU
		{8D5E41E3-8E2C-463E-BBBA-DC763049B672}.Release|Any CPU.Build.0 = Release|Any CPU
		{29489ADA-DF5F-458D-97D5-F7E8DDA19608}.Debug|Any CPU.ActiveCfg = Debug|Any CPU
		{29489ADA-DF5F-458D-97D5-F7E8DDA19608}.Debug|Any CPU.Build.0 = Debug|Any CPU
		{29489ADA-DF5F-458D-97D5-F7E8DDA19608}.Release|Any CPU.ActiveCfg = Release|Any CPU
		{29489ADA-DF5F-458D-97D5-F7E8DDA19608}.Release|Any CPU.Build.0 = Release|Any CPU
		{DDB4E9D1-8523-4491-8816-CEC62B83D7AB}.Debug|Any CPU.ActiveCfg = Debug|Any CPU
		{DDB4E9D1-8523-4491-8816-CEC62B83D7AB}.Debug|Any CPU.Build.0 = Debug|Any CPU
		{DDB4E9D1-8523-4491-8816-CEC62B83D7AB}.Release|Any CPU.ActiveCfg = Release|Any CPU
		{DDB4E9D1-8523-4491-8816-CEC62B83D7AB}.Release|Any CPU.Build.0 = Release|Any CPU
		{448D8072-4CD9-4A02-92EA-ECF32CA397AE}.Debug|Any CPU.ActiveCfg = Debug|Any CPU
		{448D8072-4CD9-4A02-92EA-ECF32CA397AE}.Debug|Any CPU.Build.0 = Debug|Any CPU
		{448D8072-4CD9-4A02-92EA-ECF32CA397AE}.Release|Any CPU.ActiveCfg = Release|Any CPU
		{448D8072-4CD9-4A02-92EA-ECF32CA397AE}.Release|Any CPU.Build.0 = Release|Any CPU
		{A4234975-73DB-4000-90F7-B6CD34859CC8}.Debug|Any CPU.ActiveCfg = Debug|Any CPU
		{A4234975-73DB-4000-90F7-B6CD34859CC8}.Debug|Any CPU.Build.0 = Debug|Any CPU
		{A4234975-73DB-4000-90F7-B6CD34859CC8}.Release|Any CPU.ActiveCfg = Release|Any CPU
		{A4234975-73DB-4000-90F7-B6CD34859CC8}.Release|Any CPU.Build.0 = Release|Any CPU
	EndGlobalSection
	GlobalSection(SolutionProperties) = preSolution
		HideSolutionNode = FALSE
	EndGlobalSection
	GlobalSection(NestedProjects) = preSolution
		{0759B24B-EDB2-416E-9630-78916D9AE01B} = {E2B0A08E-6B0B-4595-8145-A6963E8A1018}
		{73B7B8F8-FF0D-418D-88F9-13306EAC578A} = {E2B0A08E-6B0B-4595-8145-A6963E8A1018}
		{58ED9D37-9727-47B2-AD0A-F1E5C0B6A577} = {E2B0A08E-6B0B-4595-8145-A6963E8A1018}
		{5256665E-8732-4AAD-9D54-982F779B7689} = {5AEB0EF8-7145-4093-B60E-B8E2A340537D}
		{DA7B553C-A1E2-4CD8-97C0-40682BE8754B} = {5AEB0EF8-7145-4093-B60E-B8E2A340537D}
		{006A67C1-3CC7-4911-8920-DB27E038C93A} = {5AEB0EF8-7145-4093-B60E-B8E2A340537D}
		{F5192C9E-439C-4BC2-9982-5A7FC478BEBA} = {E5886D8C-BE12-47CF-AF59-DB0EBA84E760}
		{1A89D845-F774-4A98-94B4-616CA81DDE7D} = {F5192C9E-439C-4BC2-9982-5A7FC478BEBA}
		{5C8F6522-42FD-4E4D-8FAF-55E8D5E6A1BC} = {F5192C9E-439C-4BC2-9982-5A7FC478BEBA}
		{44A77C30-22CB-45B3-86E8-F0B4A119DD7C} = {F5192C9E-439C-4BC2-9982-5A7FC478BEBA}
		{8D5E41E3-8E2C-463E-BBBA-DC763049B672} = {E5886D8C-BE12-47CF-AF59-DB0EBA84E760}
		{29489ADA-DF5F-458D-97D5-F7E8DDA19608} = {E5886D8C-BE12-47CF-AF59-DB0EBA84E760}
		{DDB4E9D1-8523-4491-8816-CEC62B83D7AB} = {2CE4AA1E-3E94-4252-885A-9A574533F0C5}
		{448D8072-4CD9-4A02-92EA-ECF32CA397AE} = {2CE4AA1E-3E94-4252-885A-9A574533F0C5}
		{A4234975-73DB-4000-90F7-B6CD34859CC8} = {2CE4AA1E-3E94-4252-885A-9A574533F0C5}
	EndGlobalSection
EndGlobal
